
Microsoft Visual Studio Solution File, Format Version 12.00
# Visual Studio Version 17
VisualStudioVersion = 17.4.33205.214
MinimumVisualStudioVersion = 10.0.40219.1
Project("{8BC9CEB8-8B4A-11D0-8D11-00A0C91BC942}") = "TestGitHub", "TestGitHub.vcxproj", "{110A2D7E-9D30-412F-90DA-2720D9FE006E}"
EndProject
Global
	GlobalSection(SolutionConfigurationPlatforms) = preSolution
		Debug|x64 = Debug|x64
		Debug|x86 = Debug|x86
		Release|x64 = Release|x64
		Release|x86 = Release|x86
	EndGlobalSection
	GlobalSection(ProjectConfigurationPlatforms) = postSolution
		{110A2D7E-9D30-412F-90DA-2720D9FE006E}.Debug|x64.ActiveCfg = Debug|x64
		{110A2D7E-9D30-412F-90DA-2720D9FE006E}.Debug|x64.Build.0 = Debug|x64
		{110A2D7E-9D30-412F-90DA-2720D9FE006E}.Debug|x86.ActiveCfg = Debug|Win32
		{110A2D7E-9D30-412F-90DA-2720D9FE006E}.Debug|x86.Build.0 = Debug|Win32
		{110A2D7E-9D30-412F-90DA-2720D9FE006E}.Release|x64.ActiveCfg = Release|x64
		{110A2D7E-9D30-412F-90DA-2720D9FE006E}.Release|x64.Build.0 = Release|x64
		{110A2D7E-9D30-412F-90DA-2720D9FE006E}.Release|x86.ActiveCfg = Release|Win32
		{110A2D7E-9D30-412F-90DA-2720D9FE006E}.Release|x86.Build.0 = Release|Win32
	EndGlobalSection
	GlobalSection(SolutionProperties) = preSolution
		HideSolutionNode = FALSE
	EndGlobalSection
	GlobalSection(ExtensibilityGlobals) = postSolution
		SolutionGuid = {BC74C369-55F8-4E33-9C70-6208C664B6E2}
	EndGlobalSection
EndGlobal
